
Microsoft Visual Studio Solution File, Format Version 12.00
# Visual Studio 15
VisualStudioVersion = 15.0.28010.2041
MinimumVisualStudioVersion = 10.0.40219.1
Project("{FAE04EC0-301F-11D3-BF4B-00C04F79EFBC}") = "DataDeliver", "DataDeliver\DataDeliver.csproj", "{E32A5C3C-AF07-4E6E-A328-099B049A6998}"
EndProject
Global
	GlobalSection(SolutionConfigurationPlatforms) = preSolution
		Debug|Any CPU = Debug|Any CPU
		Release|Any CPU = Release|Any CPU
	EndGlobalSection
	GlobalSection(ProjectConfigurationPlatforms) = postSolution
		{E32A5C3C-AF07-4E6E-A328-099B049A6998}.Debug|Any CPU.ActiveCfg = Debug|Any CPU
		{E32A5C3C-AF07-4E6E-A328-099B049A6998}.Debug|Any CPU.Build.0 = Debug|Any CPU
		{E32A5C3C-AF07-4E6E-A328-099B049A6998}.Release|Any CPU.ActiveCfg = Release|Any CPU
		{E32A5C3C-AF07-4E6E-A328-099B049A6998}.Release|Any CPU.Build.0 = Release|Any CPU
	EndGlobalSection
	GlobalSection(SolutionProperties) = preSolution
		HideSolutionNode = FALSE
	EndGlobalSection
	GlobalSection(ExtensibilityGlobals) = postSolution
		SolutionGuid = {CC1344AF-6F94-46AE-8BB4-951831202580}
	EndGlobalSection
EndGlobal
